
Microsoft Visual Studio Solution File, Format Version 12.00
# Visual Studio Version 16
VisualStudioVersion = 16.0.31605.320
MinimumVisualStudioVersion = 10.0.40219.1
Project("{FAE04EC0-301F-11D3-BF4B-00C04F79EFBC}") = "ExcelTestProject", "ExcelTestProject.csproj", "{6FE6E07A-DB2B-4F1C-AF67-D734E4A283E4}"
EndProject
Global
	GlobalSection(SolutionConfigurationPlatforms) = preSolution
		Debug|Any CPU = Debug|Any CPU
		Release|Any CPU = Release|Any CPU
	EndGlobalSection
	GlobalSection(ProjectConfigurationPlatforms) = postSolution
		{6FE6E07A-DB2B-4F1C-AF67-D734E4A283E4}.Debug|Any CPU.ActiveCfg = Debug|Any CPU
		{6FE6E07A-DB2B-4F1C-AF67-D734E4A283E4}.Debug|Any CPU.Build.0 = Debug|Any CPU
		{6FE6E07A-DB2B-4F1C-AF67-D734E4A283E4}.Release|Any CPU.ActiveCfg = Release|Any CPU
		{6FE6E07A-DB2B-4F1C-AF67-D734E4A283E4}.Release|Any CPU.Build.0 = Release|Any CPU
	EndGlobalSection
	GlobalSection(SolutionProperties) = preSolution
		HideSolutionNode = FALSE
	EndGlobalSection
	GlobalSection(ExtensibilityGlobals) = postSolution
		SolutionGuid = {E2F2E922-65DA-46FB-A24C-65D6E57B9EDF}
	EndGlobalSection
EndGlobal
